
Microsoft Visual Studio Solution File, Format Version 12.00
# Visual Studio Version 17
VisualStudioVersion = 17.1.31911.260
MinimumVisualStudioVersion = 10.0.40219.1
Project("{FAE04EC0-301F-11D3-BF4B-00C04F79EFBC}") = "Calculadora2", "Calculadora2.csproj", "{24F720D4-C4EE-4169-B927-7A5F73A843A1}"
EndProject
Global
	GlobalSection(SolutionConfigurationPlatforms) = preSolution
		Debug|Any CPU = Debug|Any CPU
		Release|Any CPU = Release|Any CPU
	EndGlobalSection
	GlobalSection(ProjectConfigurationPlatforms) = postSolution
		{24F720D4-C4EE-4169-B927-7A5F73A843A1}.Debug|Any CPU.ActiveCfg = Debug|Any CPU
		{24F720D4-C4EE-4169-B927-7A5F73A843A1}.Debug|Any CPU.Build.0 = Debug|Any CPU
		{24F720D4-C4EE-4169-B927-7A5F73A843A1}.Release|Any CPU.ActiveCfg = Release|Any CPU
		{24F720D4-C4EE-4169-B927-7A5F73A843A1}.Release|Any CPU.Build.0 = Release|Any CPU
	EndGlobalSection
	GlobalSection(SolutionProperties) = preSolution
		HideSolutionNode = FALSE
	EndGlobalSection
	GlobalSection(ExtensibilityGlobals) = postSolution
		SolutionGuid = {C2D9562A-EF03-4A2F-9C78-15B2DD292584}
	EndGlobalSection
EndGlobal
